// !$*UTF8*$!
{
	archiveVersion = 1;
	classes = {
	};
	objectVersion = 56;
	objects = {

/* Begin PBXBuildFile section */
		4E9D62372C9F1E6500742AFB /* RidesApp.swift in Sources */ = {isa = PBXBuildFile; fileRef = 4E9D62362C9F1E6500742AFB /* RidesApp.swift */; };
		4E9D62392C9F1E6500742AFB /* ContentView.swift in Sources */ = {isa = PBXBuildFile; fileRef = 4E9D62382C9F1E6500742AFB /* ContentView.swift */; };
		4E9D623B2C9F1E6700742AFB /* Assets.xcassets in Resources */ = {isa = PBXBuildFile; fileRef = 4E9D623A2C9F1E6700742AFB /* Assets.xcassets */; };
		4E9D623E2C9F1E6700742AFB /* Preview Assets.xcassets in Resources */ = {isa = PBXBuildFile; fileRef = 4E9D623D2C9F1E6700742AFB /* Preview Assets.xcassets */; };
		4E9D62482C9F1E6700742AFB /* RidesTests.swift in Sources */ = {isa = PBXBuildFile; fileRef = 4E9D62472C9F1E6700742AFB /* RidesTests.swift */; };
		4E9D62522C9F1E6700742AFB /* RidesUITests.swift in Sources */ = {isa = PBXBuildFile; fileRef = 4E9D62512C9F1E6700742AFB /* RidesUITests.swift */; };
		4E9D62542C9F1E6700742AFB /* RidesUITestsLaunchTests.swift in Sources */ = {isa = PBXBuildFile; fileRef = 4E9D62532C9F1E6700742AFB /* RidesUITestsLaunchTests.swift */; };
		4E9D62752C9F1F0000742AFB /* VehicleListView.swift in Sources */ = {isa = PBXBuildFile; fileRef = 4E9D62742C9F1F0000742AFB /* VehicleListView.swift */; };
		4E9D62772C9F1F3D00742AFB /* Vehicle.swift in Sources */ = {isa = PBXBuildFile; fileRef = 4E9D62762C9F1F3D00742AFB /* Vehicle.swift */; };
		4E9D62792C9F1F5A00742AFB /* VehicleListViewModel.swift in Sources */ = {isa = PBXBuildFile; fileRef = 4E9D62782C9F1F5A00742AFB /* VehicleListViewModel.swift */; };
		4E9D627B2C9F1F7D00742AFB /* APIService.swift in Sources */ = {isa = PBXBuildFile; fileRef = 4E9D627A2C9F1F7D00742AFB /* APIService.swift */; };
		4E9D62812C9F206400742AFB /* VehicleDetailView.swift in Sources */ = {isa = PBXBuildFile; fileRef = 4E9D62802C9F206400742AFB /* VehicleDetailView.swift */; };
		4E9D62832C9F209300742AFB /* VehicleDetailViewModel.swift in Sources */ = {isa = PBXBuildFile; fileRef = 4E9D62822C9F209300742AFB /* VehicleDetailViewModel.swift */; };
/* End PBXBuildFile section */

/* Begin PBXContainerItemProxy section */
		4E9D62442C9F1E6700742AFB /* PBXContainerItemProxy */ = {
			isa = PBXContainerItemProxy;
			containerPortal = 4E9D622B2C9F1E6500742AFB /* Project object */;
			proxyType = 1;
			remoteGlobalIDString = 4E9D62322C9F1E6500742AFB;
			remoteInfo = Rides;
		};
		4E9D624E2C9F1E6700742AFB /* PBXContainerItemProxy */ = {
			isa = PBXContainerItemProxy;
			containerPortal = 4E9D622B2C9F1E6500742AFB /* Project object */;
			proxyType = 1;
			remoteGlobalIDString = 4E9D62322C9F1E6500742AFB;
			remoteInfo = Rides;
		};
/* End PBXContainerItemProxy section */

/* Begin PBXFileReference section */
		4E9D62332C9F1E6500742AFB /* Rides.app */ = {isa = PBXFileReference; explicitFileType = wrapper.application; includeInIndex = 0; path = Rides.app; sourceTree = BUILT_PRODUCTS_DIR; };
		4E9D62362C9F1E6500742AFB /* RidesApp.swift */ = {isa = PBXFileReference; lastKnownFileType = sourcecode.swift; path = RidesApp.swift; sourceTree = "<group>"; };
		4E9D62382C9F1E6500742AFB /* ContentView.swift */ = {isa = PBXFileReference; lastKnownFileType = sourcecode.swift; path = ContentView.swift; sourceTree = "<group>"; };
		4E9D623A2C9F1E6700742AFB /* Assets.xcassets */ = {isa = PBXFileReference; lastKnownFileType = folder.assetcatalog; path = Assets.xcassets; sourceTree = "<group>"; };
		4E9D623D2C9F1E6700742AFB /* Preview Assets.xcassets */ = {isa = PBXFileReference; lastKnownFileType = folder.assetcatalog; path = "Preview Assets.xcassets"; sourceTree = "<group>"; };
		4E9D62432C9F1E6700742AFB /* RidesTests.xctest */ = {isa = PBXFileReference; explicitFileType = wrapper.cfbundle; includeInIndex = 0; path = RidesTests.xctest; sourceTree = BUILT_PRODUCTS_DIR; };
		4E9D62472C9F1E6700742AFB /* RidesTests.swift */ = {isa = PBXFileReference; lastKnownFileType = sourcecode.swift; path = RidesTests.swift; sourceTree = "<group>"; };
		4E9D624D2C9F1E6700742AFB /* RidesUITests.xctest */ = {isa = PBXFileReference; explicitFileType = wrapper.cfbundle; includeInIndex = 0; path = RidesUITests.xctest; sourceTree = BUILT_PRODUCTS_DIR; };
		4E9D62512C9F1E6700742AFB /* RidesUITests.swift */ = {isa = PBXFileReference; lastKnownFileType = sourcecode.swift; path = RidesUITests.swift; sourceTree = "<group>"; };
		4E9D62532C9F1E6700742AFB /* RidesUITestsLaunchTests.swift */ = {isa = PBXFileReference; lastKnownFileType = sourcecode.swift; path = RidesUITestsLaunchTests.swift; sourceTree = "<group>"; };
		4E9D62742C9F1F0000742AFB /* VehicleListView.swift */ = {isa = PBXFileReference; lastKnownFileType = sourcecode.swift; path = VehicleListView.swift; sourceTree = "<group>"; };
		4E9D62762C9F1F3D00742AFB /* Vehicle.swift */ = {isa = PBXFileReference; lastKnownFileType = sourcecode.swift; path = Vehicle.swift; sourceTree = "<group>"; };
		4E9D62782C9F1F5A00742AFB /* VehicleListViewModel.swift */ = {isa = PBXFileReference; lastKnownFileType = sourcecode.swift; path = VehicleListViewModel.swift; sourceTree = "<group>"; };
		4E9D627A2C9F1F7D00742AFB /* APIService.swift */ = {isa = PBXFileReference; lastKnownFileType = sourcecode.swift; path = APIService.swift; sourceTree = "<group>"; };
		4E9D62802C9F206400742AFB /* VehicleDetailView.swift */ = {isa = PBXFileReference; lastKnownFileType = sourcecode.swift; path = VehicleDetailView.swift; sourceTree = "<group>"; };
		4E9D62822C9F209300742AFB /* VehicleDetailViewModel.swift */ = {isa = PBXFileReference; lastKnownFileType = sourcecode.swift; path = VehicleDetailViewModel.swift; sourceTree = "<group>"; };
/* End PBXFileReference section */

/* Begin PBXFrameworksBuildPhase section */
		4E9D62302C9F1E6500742AFB /* Frameworks */ = {
			isa = PBXFrameworksBuildPhase;
			buildActionMask = 2147483647;
			files = (
			);
			runOnlyForDeploymentPostprocessing = 0;
		};
		4E9D62402C9F1E6700742AFB /* Frameworks */ = {
			isa = PBXFrameworksBuildPhase;
			buildActionMask = 2147483647;
			files = (
			);
			runOnlyForDeploymentPostprocessing = 0;
		};
		4E9D624A2C9F1E6700742AFB /* Frameworks */ = {
			isa = PBXFrameworksBuildPhase;
			buildActionMask = 2147483647;
			files = (
			);
			runOnlyForDeploymentPostprocessing = 0;
		};
/* End PBXFrameworksBuildPhase section */

/* Begin PBXGroup section */
		4E9D622A2C9F1E6500742AFB = {
			isa = PBXGroup;
			children = (
				4E9D62352C9F1E6500742AFB /* Rides */,
				4E9D62462C9F1E6700742AFB /* RidesTests */,
				4E9D62502C9F1E6700742AFB /* RidesUITests */,
				4E9D62342C9F1E6500742AFB /* Products */,
			);
			sourceTree = "<group>";
		};
		4E9D62342C9F1E6500742AFB /* Products */ = {
			isa = PBXGroup;
			children = (
				4E9D62332C9F1E6500742AFB /* Rides.app */,
				4E9D62432C9F1E6700742AFB /* RidesTests.xctest */,
				4E9D624D2C9F1E6700742AFB /* RidesUITests.xctest */,
			);
			name = Products;
			sourceTree = "<group>";
		};
		4E9D62352C9F1E6500742AFB /* Rides */ = {
			isa = PBXGroup;
			children = (
				4E9D626F2C9F1EC300742AFB /* APIService */,
				4E9D626C2C9F1E9D00742AFB /* Screens */,
				4E9D62362C9F1E6500742AFB /* RidesApp.swift */,
				4E9D62382C9F1E6500742AFB /* ContentView.swift */,
				4E9D623A2C9F1E6700742AFB /* Assets.xcassets */,
				4E9D623C2C9F1E6700742AFB /* Preview Content */,
			);
			path = Rides;
			sourceTree = "<group>";
		};
		4E9D623C2C9F1E6700742AFB /* Preview Content */ = {
			isa = PBXGroup;
			children = (
				4E9D623D2C9F1E6700742AFB /* Preview Assets.xcassets */,
			);
			path = "Preview Content";
			sourceTree = "<group>";
		};
		4E9D62462C9F1E6700742AFB /* RidesTests */ = {
			isa = PBXGroup;
			children = (
				4E9D62472C9F1E6700742AFB /* RidesTests.swift */,
			);
			path = RidesTests;
			sourceTree = "<group>";
		};
		4E9D62502C9F1E6700742AFB /* RidesUITests */ = {
			isa = PBXGroup;
			children = (
				4E9D62512C9F1E6700742AFB /* RidesUITests.swift */,
				4E9D62532C9F1E6700742AFB /* RidesUITestsLaunchTests.swift */,
			);
			path = RidesUITests;
			sourceTree = "<group>";
		};
		4E9D626C2C9F1E9D00742AFB /* Screens */ = {
			isa = PBXGroup;
			children = (
				4E9D627C2C9F202C00742AFB /* VehicleDetail */,
				4E9D62702C9F1ED700742AFB /* VehicleList */,
			);
			path = Screens;
			sourceTree = "<group>";
		};
		4E9D626F2C9F1EC300742AFB /* APIService */ = {
			isa = PBXGroup;
			children = (
				4E9D627A2C9F1F7D00742AFB /* APIService.swift */,
			);
			path = APIService;
			sourceTree = "<group>";
		};
		4E9D62702C9F1ED700742AFB /* VehicleList */ = {
			isa = PBXGroup;
			children = (
				4E9D62732C9F1EEC00742AFB /* View */,
				4E9D62722C9F1EE800742AFB /* Model */,
				4E9D62712C9F1EE200742AFB /* ViewModel */,
			);
			path = VehicleList;
			sourceTree = "<group>";
		};
		4E9D62712C9F1EE200742AFB /* ViewModel */ = {
			isa = PBXGroup;
			children = (
				4E9D62782C9F1F5A00742AFB /* VehicleListViewModel.swift */,
			);
			path = ViewModel;
			sourceTree = "<group>";
		};
		4E9D62722C9F1EE800742AFB /* Model */ = {
			isa = PBXGroup;
			children = (
				4E9D62762C9F1F3D00742AFB /* Vehicle.swift */,
			);
			path = Model;
			sourceTree = "<group>";
		};
		4E9D62732C9F1EEC00742AFB /* View */ = {
			isa = PBXGroup;
			children = (
				4E9D62742C9F1F0000742AFB /* VehicleListView.swift */,
			);
			path = View;
			sourceTree = "<group>";
		};
		4E9D627C2C9F202C00742AFB /* VehicleDetail */ = {
			isa = PBXGroup;
			children = (
				4E9D627F2C9F204000742AFB /* View */,
				4E9D627E2C9F203B00742AFB /* Model */,
				4E9D627D2C9F203600742AFB /* ViewModel */,
			);
			path = VehicleDetail;
			sourceTree = "<group>";
		};
		4E9D627D2C9F203600742AFB /* ViewModel */ = {
			isa = PBXGroup;
			children = (
				4E9D62822C9F209300742AFB /* VehicleDetailViewModel.swift */,
			);
			path = ViewModel;
			sourceTree = "<group>";
		};
		4E9D627E2C9F203B00742AFB /* Model */ = {
			isa = PBXGroup;
			children = (
			);
			path = Model;
			sourceTree = "<group>";
		};
		4E9D627F2C9F204000742AFB /* View */ = {
			isa = PBXGroup;
			children = (
				4E9D62802C9F206400742AFB /* VehicleDetailView.swift */,
			);
			path = View;
			sourceTree = "<group>";
		};
/* End PBXGroup section */

/* Begin PBXNativeTarget section */
		4E9D62322C9F1E6500742AFB /* Rides */ = {
			isa = PBXNativeTarget;
			buildConfigurationList = 4E9D62572C9F1E6700742AFB /* Build configuration list for PBXNativeTarget "Rides" */;
			buildPhases = (
				4E9D622F2C9F1E6500742AFB /* Sources */,
				4E9D62302C9F1E6500742AFB /* Frameworks */,
				4E9D62312C9F1E6500742AFB /* Resources */,
			);
			buildRules = (
			);
			dependencies = (
			);
			name = Rides;
			productName = Rides;
			productReference = 4E9D62332C9F1E6500742AFB /* Rides.app */;
			productType = "com.apple.product-type.application";
		};
		4E9D62422C9F1E6700742AFB /* RidesTests */ = {
			isa = PBXNativeTarget;
			buildConfigurationList = 4E9D625A2C9F1E6700742AFB /* Build configuration list for PBXNativeTarget "RidesTests" */;
			buildPhases = (
				4E9D623F2C9F1E6700742AFB /* Sources */,
				4E9D62402C9F1E6700742AFB /* Frameworks */,
				4E9D62412C9F1E6700742AFB /* Resources */,
			);
			buildRules = (
			);
			dependencies = (
				4E9D62452C9F1E6700742AFB /* PBXTargetDependency */,
			);
			name = RidesTests;
			productName = RidesTests;
			productReference = 4E9D62432C9F1E6700742AFB /* RidesTests.xctest */;
			productType = "com.apple.product-type.bundle.unit-test";
		};
		4E9D624C2C9F1E6700742AFB /* RidesUITests */ = {
			isa = PBXNativeTarget;
			buildConfigurationList = 4E9D625D2C9F1E6700742AFB /* Build configuration list for PBXNativeTarget "RidesUITests" */;
			buildPhases = (
				4E9D62492C9F1E6700742AFB /* Sources */,
				4E9D624A2C9F1E6700742AFB /* Frameworks */,
				4E9D624B2C9F1E6700742AFB /* Resources */,
			);
			buildRules = (
			);
			dependencies = (
				4E9D624F2C9F1E6700742AFB /* PBXTargetDependency */,
			);
			name = RidesUITests;
			productName = RidesUITests;
			productReference = 4E9D624D2C9F1E6700742AFB /* RidesUITests.xctest */;
			productType = "com.apple.product-type.bundle.ui-testing";
		};
/* End PBXNativeTarget section */

/* Begin PBXProject section */
		4E9D622B2C9F1E6500742AFB /* Project object */ = {
			isa = PBXProject;
			attributes = {
				BuildIndependentTargetsInParallel = 1;
				LastSwiftUpdateCheck = 1540;
				LastUpgradeCheck = 1540;
				TargetAttributes = {
					4E9D62322C9F1E6500742AFB = {
						CreatedOnToolsVersion = 15.4;
					};
					4E9D62422C9F1E6700742AFB = {
						CreatedOnToolsVersion = 15.4;
						TestTargetID = 4E9D62322C9F1E6500742AFB;
					};
					4E9D624C2C9F1E6700742AFB = {
						CreatedOnToolsVersion = 15.4;
						TestTargetID = 4E9D62322C9F1E6500742AFB;
					};
				};
			};
			buildConfigurationList = 4E9D622E2C9F1E6500742AFB /* Build configuration list for PBXProject "Rides" */;
			compatibilityVersion = "Xcode 14.0";
			developmentRegion = en;
			hasScannedForEncodings = 0;
			knownRegions = (
				en,
				Base,
			);
			mainGroup = 4E9D622A2C9F1E6500742AFB;
			productRefGroup = 4E9D62342C9F1E6500742AFB /* Products */;
			projectDirPath = "";
			projectRoot = "";
			targets = (
				4E9D62322C9F1E6500742AFB /* Rides */,
				4E9D62422C9F1E6700742AFB /* RidesTests */,
				4E9D624C2C9F1E6700742AFB /* RidesUITests */,
			);
		};
/* End PBXProject section */

/* Begin PBXResourcesBuildPhase section */
		4E9D62312C9F1E6500742AFB /* Resources */ = {
			isa = PBXResourcesBuildPhase;
			buildActionMask = 2147483647;
			files = (
				4E9D623E2C9F1E6700742AFB /* Preview Assets.xcassets in Resources */,
				4E9D623B2C9F1E6700742AFB /* Assets.xcassets in Resources */,
			);
			runOnlyForDeploymentPostprocessing = 0;
		};
		4E9D62412C9F1E6700742AFB /* Resources */ = {
			isa = PBXResourcesBuildPhase;
			buildActionMask = 2147483647;
			files = (
			);
			runOnlyForDeploymentPostprocessing = 0;
		};
		4E9D624B2C9F1E6700742AFB /* Resources */ = {
			isa = PBXResourcesBuildPhase;
			buildActionMask = 2147483647;
			files = (
			);
			runOnlyForDeploymentPostprocessing = 0;
		};
/* End PBXResourcesBuildPhase section */

/* Begin PBXSourcesBuildPhase section */
		4E9D622F2C9F1E6500742AFB /* Sources */ = {
			isa = PBXSourcesBuildPhase;
			buildActionMask = 2147483647;
			files = (
				4E9D62772C9F1F3D00742AFB /* Vehicle.swift in Sources */,
				4E9D62792C9F1F5A00742AFB /* VehicleListViewModel.swift in Sources */,
				4E9D62392C9F1E6500742AFB /* ContentView.swift in Sources */,
				4E9D62372C9F1E6500742AFB /* RidesApp.swift in Sources */,
				4E9D627B2C9F1F7D00742AFB /* APIService.swift in Sources */,
				4E9D62752C9F1F0000742AFB /* VehicleListView.swift in Sources */,
				4E9D62832C9F209300742AFB /* VehicleDetailViewModel.swift in Sources */,
				4E9D62812C9F206400742AFB /* VehicleDetailView.swift in Sources */,
			);
			runOnlyForDeploymentPostprocessing = 0;
		};
		4E9D623F2C9F1E6700742AFB /* Sources */ = {
			isa = PBXSourcesBuildPhase;
			buildActionMask = 2147483647;
			files = (
				4E9D62482C9F1E6700742AFB /* RidesTests.swift in Sources */,
			);
			runOnlyForDeploymentPostprocessing = 0;
		};
		4E9D62492C9F1E6700742AFB /* Sources */ = {
			isa = PBXSourcesBuildPhase;
			buildActionMask = 2147483647;
			files = (
				4E9D62542C9F1E6700742AFB /* RidesUITestsLaunchTests.swift in Sources */,
				4E9D62522C9F1E6700742AFB /* RidesUITests.swift in Sources */,
			);
			runOnlyForDeploymentPostprocessing = 0;
		};
/* End PBXSourcesBuildPhase section */

/* Begin PBXTargetDependency section */
		4E9D62452C9F1E6700742AFB /* PBXTargetDependency */ = {
			isa = PBXTargetDependency;
			target = 4E9D62322C9F1E6500742AFB /* Rides */;
			targetProxy = 4E9D62442C9F1E6700742AFB /* PBXContainerItemProxy */;
		};
		4E9D624F2C9F1E6700742AFB /* PBXTargetDependency */ = {
			isa = PBXTargetDependency;
			target = 4E9D62322C9F1E6500742AFB /* Rides */;
			targetProxy = 4E9D624E2C9F1E6700742AFB /* PBXContainerItemProxy */;
		};
/* End PBXTargetDependency section */

/* Begin XCBuildConfiguration section */
		4E9D62552C9F1E6700742AFB /* Debug */ = {
			isa = XCBuildConfiguration;
			buildSettings = {
				ALWAYS_SEARCH_USER_PATHS = NO;
				ASSETCATALOG_COMPILER_GENERATE_SWIFT_ASSET_SYMBOL_EXTENSIONS = YES;
				CLANG_ANALYZER_NONNULL = YES;
				CLANG_ANALYZER_NUMBER_OBJECT_CONVERSION = YES_AGGRESSIVE;
				CLANG_CXX_LANGUAGE_STANDARD = "gnu++20";
				CLANG_ENABLE_MODULES = YES;
				CLANG_ENABLE_OBJC_ARC = YES;
				CLANG_ENABLE_OBJC_WEAK = YES;
				CLANG_WARN_BLOCK_CAPTURE_AUTORELEASING = YES;
				CLANG_WARN_BOOL_CONVERSION = YES;
				CLANG_WARN_COMMA = YES;
				CLANG_WARN_CONSTANT_CONVERSION = YES;
				CLANG_WARN_DEPRECATED_OBJC_IMPLEMENTATIONS = YES;
				CLANG_WARN_DIRECT_OBJC_ISA_USAGE = YES_ERROR;
				CLANG_WARN_DOCUMENTATION_COMMENTS = YES;
				CLANG_WARN_EMPTY_BODY = YES;
				CLANG_WARN_ENUM_CONVERSION = YES;
				CLANG_WARN_INFINITE_RECURSION = YES;
				CLANG_WARN_INT_CONVERSION = YES;
				CLANG_WARN_NON_LITERAL_NULL_CONVERSION = YES;
				CLANG_WARN_OBJC_IMPLICIT_RETAIN_SELF = YES;
				CLANG_WARN_OBJC_LITERAL_CONVERSION = YES;
				CLANG_WARN_OBJC_ROOT_CLASS = YES_ERROR;
				CLANG_WARN_QUOTED_INCLUDE_IN_FRAMEWORK_HEADER = YES;
				CLANG_WARN_RANGE_LOOP_ANALYSIS = YES;
				CLANG_WARN_STRICT_PROTOTYPES = YES;
				CLANG_WARN_SUSPICIOUS_MOVE = YES;
				CLANG_WARN_UNGUARDED_AVAILABILITY = YES_AGGRESSIVE;
				CLANG_WARN_UNREACHABLE_CODE = YES;
				CLANG_WARN__DUPLICATE_METHOD_MATCH = YES;
				COPY_PHASE_STRIP = NO;
				DEBUG_INFORMATION_FORMAT = dwarf;
				ENABLE_STRICT_OBJC_MSGSEND = YES;
				ENABLE_TESTABILITY = YES;
				ENABLE_USER_SCRIPT_SANDBOXING = YES;
				GCC_C_LANGUAGE_STANDARD = gnu17;
				GCC_DYNAMIC_NO_PIC = NO;
				GCC_NO_COMMON_BLOCKS = YES;
				GCC_OPTIMIZATION_LEVEL = 0;
				GCC_PREPROCESSOR_DEFINITIONS = (
					"DEBUG=1",
					"$(inherited)",
				);
				GCC_WARN_64_TO_32_BIT_CONVERSION = YES;
				GCC_WARN_ABOUT_RETURN_TYPE = YES_ERROR;
				GCC_WARN_UNDECLARED_SELECTOR = YES;
				GCC_WARN_UNINITIALIZED_AUTOS = YES_AGGRESSIVE;
				GCC_WARN_UNUSED_FUNCTION = YES;
				GCC_WARN_UNUSED_VARIABLE = YES;
				IPHONEOS_DEPLOYMENT_TARGET = 17.5;
				LOCALIZATION_PREFERS_STRING_CATALOGS = YES;
				MTL_ENABLE_DEBUG_INFO = INCLUDE_SOURCE;
				MTL_FAST_MATH = YES;
				ONLY_ACTIVE_ARCH = YES;
				SDKROOT = iphoneos;
				SWIFT_ACTIVE_COMPILATION_CONDITIONS = "DEBUG $(inherited)";
				SWIFT_OPTIMIZATION_LEVEL = "-Onone";
			};
			name = Debug;
		};
		4E9D62562C9F1E6700742AFB /* Release */ = {
			isa = XCBuildConfiguration;
			buildSettings = {
				ALWAYS_SEARCH_USER_PATHS = NO;
				ASSETCATALOG_COMPILER_GENERATE_SWIFT_ASSET_SYMBOL_EXTENSIONS = YES;
				CLANG_ANALYZER_NONNULL = YES;
				CLANG_ANALYZER_NUMBER_OBJECT_CONVERSION = YES_AGGRESSIVE;
				CLANG_CXX_LANGUAGE_STANDARD = "gnu++20";
				CLANG_ENABLE_MODULES = YES;
				CLANG_ENABLE_OBJC_ARC = YES;
				CLANG_ENABLE_OBJC_WEAK = YES;
				CLANG_WARN_BLOCK_CAPTURE_AUTORELEASING = YES;
				CLANG_WARN_BOOL_CONVERSION = YES;
				CLANG_WARN_COMMA = YES;
				CLANG_WARN_CONSTANT_CONVERSION = YES;
				CLANG_WARN_DEPRECATED_OBJC_IMPLEMENTATIONS = YES;
				CLANG_WARN_DIRECT_OBJC_ISA_USAGE = YES_ERROR;
				CLANG_WARN_DOCUMENTATION_COMMENTS = YES;
				CLANG_WARN_EMPTY_BODY = YES;
				CLANG_WARN_ENUM_CONVERSION = YES;
				CLANG_WARN_INFINITE_RECURSION = YES;
				CLANG_WARN_INT_CONVERSION = YES;
				CLANG_WARN_NON_LITERAL_NULL_CONVERSION = YES;
				CLANG_WARN_OBJC_IMPLICIT_RETAIN_SELF = YES;
				CLANG_WARN_OBJC_LITERAL_CONVERSION = YES;
				CLANG_WARN_OBJC_ROOT_CLASS = YES_ERROR;
				CLANG_WARN_QUOTED_INCLUDE_IN_FRAMEWORK_HEADER = YES;
				CLANG_WARN_RANGE_LOOP_ANALYSIS = YES;
				CLANG_WARN_STRICT_PROTOTYPES = YES;
				CLANG_WARN_SUSPICIOUS_MOVE = YES;
				CLANG_WARN_UNGUARDED_AVAILABILITY = YES_AGGRESSIVE;
				CLANG_WARN_UNREACHABLE_CODE = YES;
				CLANG_WARN__DUPLICATE_METHOD_MATCH = YES;
				COPY_PHASE_STRIP = NO;
				DEBUG_INFORMATION_FORMAT = "dwarf-with-dsym";
				ENABLE_NS_ASSERTIONS = NO;
				ENABLE_STRICT_OBJC_MSGSEND = YES;
				ENABLE_USER_SCRIPT_SANDBOXING = YES;
				GCC_C_LANGUAGE_STANDARD = gnu17;
				GCC_NO_COMMON_BLOCKS = YES;
				GCC_WARN_64_TO_32_BIT_CONVERSION = YES;
				GCC_WARN_ABOUT_RETURN_TYPE = YES_ERROR;
				GCC_WARN_UNDECLARED_SELECTOR = YES;
				GCC_WARN_UNINITIALIZED_AUTOS = YES_AGGRESSIVE;
				GCC_WARN_UNUSED_FUNCTION = YES;
				GCC_WARN_UNUSED_VARIABLE = YES;
				IPHONEOS_DEPLOYMENT_TARGET = 17.5;
				LOCALIZATION_PREFERS_STRING_CATALOGS = YES;
				MTL_ENABLE_DEBUG_INFO = NO;
				MTL_FAST_MATH = YES;
				SDKROOT = iphoneos;
				SWIFT_COMPILATION_MODE = wholemodule;
				VALIDATE_PRODUCT = YES;
			};
			name = Release;
		};
		4E9D62582C9F1E6700742AFB /* Debug */ = {
			isa = XCBuildConfiguration;
			buildSettings = {
				ASSETCATALOG_COMPILER_APPICON_NAME = AppIcon;
				ASSETCATALOG_COMPILER_GLOBAL_ACCENT_COLOR_NAME = AccentColor;
				CODE_SIGN_STYLE = Automatic;
				CURRENT_PROJECT_VERSION = 1;
				DEVELOPMENT_ASSET_PATHS = "\"Rides/Preview Content\"";
				DEVELOPMENT_TEAM = 45T89QN6YM;
				ENABLE_PREVIEWS = YES;
				GENERATE_INFOPLIST_FILE = YES;
				INFOPLIST_KEY_UIApplicationSceneManifest_Generation = YES;
				INFOPLIST_KEY_UIApplicationSupportsIndirectInputEvents = YES;
				INFOPLIST_KEY_UILaunchScreen_Generation = YES;
				INFOPLIST_KEY_UISupportedInterfaceOrientations_iPad = "UIInterfaceOrientationPortrait UIInterfaceOrientationPortraitUpsideDown UIInterfaceOrientationLandscapeLeft UIInterfaceOrientationLandscapeRight";
				INFOPLIST_KEY_UISupportedInterfaceOrientations_iPhone = "UIInterfaceOrientationPortrait UIInterfaceOrientationLandscapeLeft UIInterfaceOrientationLandscapeRight";
				LD_RUNPATH_SEARCH_PATHS = (
					"$(inherited)",
					"@executable_path/Frameworks",
				);
				MARKETING_VERSION = 1.0;
				PRODUCT_BUNDLE_IDENTIFIER = cizarTech.com.Rides;
				PRODUCT_NAME = "$(TARGET_NAME)";
				SWIFT_EMIT_LOC_STRINGS = YES;
				SWIFT_VERSION = 5.0;
				TARGETED_DEVICE_FAMILY = "1,2";
			};
			name = Debug;
		};
		4E9D62592C9F1E6700742AFB /* Release */ = {
			isa = XCBuildConfiguration;
			buildSettings = {
				ASSETCATALOG_COMPILER_APPICON_NAME = AppIcon;
				ASSETCATALOG_COMPILER_GLOBAL_ACCENT_COLOR_NAME = AccentColor;
				CODE_SIGN_STYLE = Automatic;
				CURRENT_PROJECT_VERSION = 1;
				DEVELOPMENT_ASSET_PATHS = "\"Rides/Preview Content\"";
				DEVELOPMENT_TEAM = 45T89QN6YM;
				ENABLE_PREVIEWS = YES;
				GENERATE_INFOPLIST_FILE = YES;
				INFOPLIST_KEY_UIApplicationSceneManifest_Generation = YES;
				INFOPLIST_KEY_UIApplicationSupportsIndirectInputEvents = YES;
				INFOPLIST_KEY_UILaunchScreen_Generation = YES;
				INFOPLIST_KEY_UISupportedInterfaceOrientations_iPad = "UIInterfaceOrientationPortrait UIInterfaceOrientationPortraitUpsideDown UIInterfaceOrientationLandscapeLeft UIInterfaceOrientationLandscapeRight";
				INFOPLIST_KEY_UISupportedInterfaceOrientations_iPhone = "UIInterfaceOrientationPortrait UIInterfaceOrientationLandscapeLeft UIInterfaceOrientationLandscapeRight";
				LD_RUNPATH_SEARCH_PATHS = (
					"$(inherited)",
					"@executable_path/Frameworks",
				);
				MARKETING_VERSION = 1.0;
				PRODUCT_BUNDLE_IDENTIFIER = cizarTech.com.Rides;
				PRODUCT_NAME = "$(TARGET_NAME)";
				SWIFT_EMIT_LOC_STRINGS = YES;
				SWIFT_VERSION = 5.0;
				TARGETED_DEVICE_FAMILY = "1,2";
			};
			name = Release;
		};
		4E9D625B2C9F1E6700742AFB /* Debug */ = {
			isa = XCBuildConfiguration;
			buildSettings = {
				ALWAYS_EMBED_SWIFT_STANDARD_LIBRARIES = YES;
				BUNDLE_LOADER = "$(TEST_HOST)";
				CODE_SIGN_STYLE = Automatic;
				CURRENT_PROJECT_VERSION = 1;
				DEVELOPMENT_TEAM = 45T89QN6YM;
				GENERATE_INFOPLIST_FILE = YES;
				IPHONEOS_DEPLOYMENT_TARGET = 17.5;
				MARKETING_VERSION = 1.0;
				PRODUCT_BUNDLE_IDENTIFIER = cizarTech.com.RidesTests;
				PRODUCT_NAME = "$(TARGET_NAME)";
				SWIFT_EMIT_LOC_STRINGS = NO;
				SWIFT_VERSION = 5.0;
				TARGETED_DEVICE_FAMILY = "1,2";
				TEST_HOST = "$(BUILT_PRODUCTS_DIR)/Rides.app/$(BUNDLE_EXECUTABLE_FOLDER_PATH)/Rides";
			};
			name = Debug;
		};
		4E9D625C2C9F1E6700742AFB /* Release */ = {
			isa = XCBuildConfiguration;
			buildSettings = {
				ALWAYS_EMBED_SWIFT_STANDARD_LIBRARIES = YES;
				BUNDLE_LOADER = "$(TEST_HOST)";
				CODE_SIGN_STYLE = Automatic;
				CURRENT_PROJECT_VERSION = 1;
				DEVELOPMENT_TEAM = 45T89QN6YM;
				GENERATE_INFOPLIST_FILE = YES;
				IPHONEOS_DEPLOYMENT_TARGET = 17.5;
				MARKETING_VERSION = 1.0;
				PRODUCT_BUNDLE_IDENTIFIER = cizarTech.com.RidesTests;
				PRODUCT_NAME = "$(TARGET_NAME)";
				SWIFT_EMIT_LOC_STRINGS = NO;
				SWIFT_VERSION = 5.0;
				TARGETED_DEVICE_FAMILY = "1,2";
				TEST_HOST = "$(BUILT_PRODUCTS_DIR)/Rides.app/$(BUNDLE_EXECUTABLE_FOLDER_PATH)/Rides";
			};
			name = Release;
		};
		4E9D625E2C9F1E6700742AFB /* Debug */ = {
			isa = XCBuildConfiguration;
			buildSettings = {
				ALWAYS_EMBED_SWIFT_STANDARD_LIBRARIES = YES;
				CODE_SIGN_STYLE = Automatic;
				CURRENT_PROJECT_VERSION = 1;
				DEVELOPMENT_TEAM = 45T89QN6YM;
				GENERATE_INFOPLIST_FILE = YES;
				MARKETING_VERSION = 1.0;
				PRODUCT_BUNDLE_IDENTIFIER = cizarTech.com.RidesUITests;
				PRODUCT_NAME = "$(TARGET_NAME)";
				SWIFT_EMIT_LOC_STRINGS = NO;
				SWIFT_VERSION = 5.0;
				TARGETED_DEVICE_FAMILY = "1,2";
				TEST_TARGET_NAME = Rides;
			};
			name = Debug;
		};
		4E9D625F2C9F1E6700742AFB /* Release */ = {
			isa = XCBuildConfiguration;
			buildSettings = {
				ALWAYS_EMBED_SWIFT_STANDARD_LIBRARIES = YES;
				CODE_SIGN_STYLE = Automatic;
				CURRENT_PROJECT_VERSION = 1;
				DEVELOPMENT_TEAM = 45T89QN6YM;
				GENERATE_INFOPLIST_FILE = YES;
				MARKETING_VERSION = 1.0;
				PRODUCT_BUNDLE_IDENTIFIER = cizarTech.com.RidesUITests;
				PRODUCT_NAME = "$(TARGET_NAME)";
				SWIFT_EMIT_LOC_STRINGS = NO;
				SWIFT_VERSION = 5.0;
				TARGETED_DEVICE_FAMILY = "1,2";
				TEST_TARGET_NAME = Rides;
			};
			name = Release;
		};
/* End XCBuildConfiguration section */

/* Begin XCConfigurationList section */
		4E9D622E2C9F1E6500742AFB /* Build configuration list for PBXProject "Rides" */ = {
			isa = XCConfigurationList;
			buildConfigurations = (
				4E9D62552C9F1E6700742AFB /* Debug */,
				4E9D62562C9F1E6700742AFB /* Release */,
			);
			defaultConfigurationIsVisible = 0;
			defaultConfigurationName = Release;
		};
		4E9D62572C9F1E6700742AFB /* Build configuration list for PBXNativeTarget "Rides" */ = {
			isa = XCConfigurationList;
			buildConfigurations = (
				4E9D62582C9F1E6700742AFB /* Debug */,
				4E9D62592C9F1E6700742AFB /* Release */,
			);
			defaultConfigurationIsVisible = 0;
			defaultConfigurationName = Release;
		};
		4E9D625A2C9F1E6700742AFB /* Build configuration list for PBXNativeTarget "RidesTests" */ = {
			isa = XCConfigurationList;
			buildConfigurations = (
				4E9D625B2C9F1E6700742AFB /* Debug */,
				4E9D625C2C9F1E6700742AFB /* Release */,
			);
			defaultConfigurationIsVisible = 0;
			defaultConfigurationName = Release;
		};
		4E9D625D2C9F1E6700742AFB /* Build configuration list for PBXNativeTarget "RidesUITests" */ = {
			isa = XCConfigurationList;
			buildConfigurations = (
				4E9D625E2C9F1E6700742AFB /* Debug */,
				4E9D625F2C9F1E6700742AFB /* Release */,
			);
			defaultConfigurationIsVisible = 0;
			defaultConfigurationName = Release;
		};
/* End XCConfigurationList section */
	};
	rootObject = 4E9D622B2C9F1E6500742AFB /* Project object */;
}
